
Microsoft Visual Studio Solution File, Format Version 12.00
# Visual Studio Version 17
VisualStudioVersion = 17.14.36109.1 d17.14
MinimumVisualStudioVersion = 10.0.40219.1
Project("{FAE04EC0-301F-11D3-BF4B-00C04F79EFBC}") = "arduino spoofer", "arduino spoofer.csproj", "{F23F2186-8248-4B7D-8B1F-664724180461}"
EndProject
Global
	GlobalSection(SolutionConfigurationPlatforms) = preSolution
		Debug|Any CPU = Debug|Any CPU
		Release|Any CPU = Release|Any CPU
	EndGlobalSection
	GlobalSection(ProjectConfigurationPlatforms) = postSolution
		{F23F2186-8248-4B7D-8B1F-664724180461}.Debug|Any CPU.ActiveCfg = Debug|Any CPU
		{F23F2186-8248-4B7D-8B1F-664724180461}.Debug|Any CPU.Build.0 = Debug|Any CPU
		{F23F2186-8248-4B7D-8B1F-664724180461}.Release|Any CPU.ActiveCfg = Release|Any CPU
		{F23F2186-8248-4B7D-8B1F-664724180461}.Release|Any CPU.Build.0 = Release|Any CPU
	EndGlobalSection
	GlobalSection(SolutionProperties) = preSolution
		HideSolutionNode = FALSE
	EndGlobalSection
	GlobalSection(ExtensibilityGlobals) = postSolution
		SolutionGuid = {8D5C33A6-BD7C-4195-A291-D6FFEE9FA319}
	EndGlobalSection
EndGlobal
